
Microsoft Visual Studio Solution File, Format Version 12.00
# Visual Studio Version 17
VisualStudioVersion = 17.3.32825.248
MinimumVisualStudioVersion = 10.0.40219.1
Project("{FAE04EC0-301F-11D3-BF4B-00C04F79EFBC}") = "Tic Tac Toe", "Tic Tac Toe\Tic Tac Toe.csproj", "{D8417FB0-A049-4159-BBFA-6CC9746149AB}"
EndProject
Global
	GlobalSection(SolutionConfigurationPlatforms) = preSolution
		Debug|Any CPU = Debug|Any CPU
		Release|Any CPU = Release|Any CPU
	EndGlobalSection
	GlobalSection(ProjectConfigurationPlatforms) = postSolution
		{D8417FB0-A049-4159-BBFA-6CC9746149AB}.Debug|Any CPU.ActiveCfg = Debug|Any CPU
		{D8417FB0-A049-4159-BBFA-6CC9746149AB}.Debug|Any CPU.Build.0 = Debug|Any CPU
		{D8417FB0-A049-4159-BBFA-6CC9746149AB}.Release|Any CPU.ActiveCfg = Release|Any CPU
		{D8417FB0-A049-4159-BBFA-6CC9746149AB}.Release|Any CPU.Build.0 = Release|Any CPU
	EndGlobalSection
	GlobalSection(SolutionProperties) = preSolution
		HideSolutionNode = FALSE
	EndGlobalSection
	GlobalSection(ExtensibilityGlobals) = postSolution
		SolutionGuid = {A333B286-5796-43F3-8F5A-4EE5C70B76B7}
	EndGlobalSection
EndGlobal
